dependencies:
- name: nats
  repository: https://charts.bitnami.com/bitnami
  version: 6.0.0
- name: redis
  repository: https://charts.bitnami.com/bitnami
  version: 12.1.1
- name: etcd
  repository: https://charts.bitnami.com/bitnami
  version: 5.6.0
digest: sha256:0e4e6c94d942d69bc48d97d131a1c39a1b4beefcf0c4043c9c6e6cdb2adec0c2
generated: "2021-01-28T14:17:42.045456874Z"
