dependencies:
- name: nats
  repository: https://charts.bitnami.com/bitnami
  version: 6.0.0
- name: redis
  repository: https://charts.bitnami.com/bitnami
  version: 12.7.4
- name: etcd
  repository: https://charts.bitnami.com/bitnami
  version: 5.3.0
digest: sha256:ae11021d69c715dbba99c70583591cca6b7aabde3217da6eb7e8ae0599460094
generated: "2021-02-05T15:08:41.225067184Z"
